// !$*UTF8*$!
{
	archiveVersion = 1;
	classes = {
	};
	objectVersion = 55;
	objects = {

/* Begin PBXBuildFile section */
		179157A93C6B864B085B2305 /* Pods_GitApp.framework in Frameworks */ = {isa = PBXBuildFile; fileRef = EAB5DBBD2BAB593FB4CE3BC3 /* Pods_GitApp.framework */; };
		3307D3B628B49CB3006669BA /* LanguagesTableViewCell.swift in Sources */ = {isa = PBXBuildFile; fileRef = 3307D3B528B49CB3006669BA /* LanguagesTableViewCell.swift */; };
		3307D3BA28B4E2DC006669BA /* BaseViewController.swift in Sources */ = {isa = PBXBuildFile; fileRef = 3307D3B928B4E2DC006669BA /* BaseViewController.swift */; };
		3307D3BC28B4F4D1006669BA /* UIView.swift in Sources */ = {isa = PBXBuildFile; fileRef = 3307D3BB28B4F4D1006669BA /* UIView.swift */; };
		3307D3BE28B4F8CF006669BA /* GitTableView.swift in Sources */ = {isa = PBXBuildFile; fileRef = 3307D3BD28B4F8CF006669BA /* GitTableView.swift */; };
		3329128028B2B32300B9BE45 /* FilterView.swift in Sources */ = {isa = PBXBuildFile; fileRef = 3329127F28B2B32300B9BE45 /* FilterView.swift */; };
		3329128228B3543F00B9BE45 /* FilterViewController.swift in Sources */ = {isa = PBXBuildFile; fileRef = 3329128128B3543F00B9BE45 /* FilterViewController.swift */; };
		3329128428B3562F00B9BE45 /* Languages.swift in Sources */ = {isa = PBXBuildFile; fileRef = 3329128328B3562F00B9BE45 /* Languages.swift */; };
		3329128828B37B0000B9BE45 /* GitMainController.swift in Sources */ = {isa = PBXBuildFile; fileRef = 3329128728B37B0000B9BE45 /* GitMainController.swift */; };
		3329128E28B390ED00B9BE45 /* CustomStrings.swift in Sources */ = {isa = PBXBuildFile; fileRef = 3329128D28B390ED00B9BE45 /* CustomStrings.swift */; };
		3329129128B3966500B9BE45 /* ApiManager.swift in Sources */ = {isa = PBXBuildFile; fileRef = 3329129028B3966500B9BE45 /* ApiManager.swift */; };
		3329129328B396C100B9BE45 /* ApiError.swift in Sources */ = {isa = PBXBuildFile; fileRef = 3329129228B396C100B9BE45 /* ApiError.swift */; };
		3329129928B39E1700B9BE45 /* RepoListApiManager.swift in Sources */ = {isa = PBXBuildFile; fileRef = 3329129828B39E1700B9BE45 /* RepoListApiManager.swift */; };
		339A843728ABCAA800801DE5 /* AppDelegate.swift in Sources */ = {isa = PBXBuildFile; fileRef = 339A843628ABCAA800801DE5 /* AppDelegate.swift */; };
		339A843928ABCAA800801DE5 /* SceneDelegate.swift in Sources */ = {isa = PBXBuildFile; fileRef = 339A843828ABCAA800801DE5 /* SceneDelegate.swift */; };
		339A843E28ABCAA800801DE5 /* Main.storyboard in Resources */ = {isa = PBXBuildFile; fileRef = 339A843C28ABCAA800801DE5 /* Main.storyboard */; };
		339A844328ABCAA900801DE5 /* LaunchScreen.storyboard in Resources */ = {isa = PBXBuildFile; fileRef = 339A844128ABCAA900801DE5 /* LaunchScreen.storyboard */; };
		33A4415328B8F8390081A212 /* UIStoryboard.swift in Sources */ = {isa = PBXBuildFile; fileRef = 33A4415228B8F8390081A212 /* UIStoryboard.swift */; };
		33A4415528B8F8520081A212 /* UITableViewCell.swift in Sources */ = {isa = PBXBuildFile; fileRef = 33A4415428B8F8520081A212 /* UITableViewCell.swift */; };
		33A4415728B8F8640081A212 /* UIViewController.swift in Sources */ = {isa = PBXBuildFile; fileRef = 33A4415628B8F8640081A212 /* UIViewController.swift */; };
		33A4D65F28AFA9560002BDCF /* ImageView.swift in Sources */ = {isa = PBXBuildFile; fileRef = 33A4D65E28AFA9560002BDCF /* ImageView.swift */; };
		33A4D66228AFB15B0002BDCF /* Assets.xcassets in Resources */ = {isa = PBXBuildFile; fileRef = 33A4D66128AFB15B0002BDCF /* Assets.xcassets */; };
		33A7E64028AE068A0011BB9E /* UIColor.swift in Sources */ = {isa = PBXBuildFile; fileRef = 33A7E63F28AE068A0011BB9E /* UIColor.swift */; };
		33A7E64628AE630D0011BB9E /* Color.swift in Sources */ = {isa = PBXBuildFile; fileRef = 33A7E64528AE630D0011BB9E /* Color.swift */; };
		33A7E64828AE63E60011BB9E /* Font.swift in Sources */ = {isa = PBXBuildFile; fileRef = 33A7E64728AE63E60011BB9E /* Font.swift */; };
		33A7E64C28AE6C050011BB9E /* GithubOwner.swift in Sources */ = {isa = PBXBuildFile; fileRef = 33A7E64B28AE6C050011BB9E /* GithubOwner.swift */; };
		33B23EC428AD85A800B569DC /* Gilroy-UltraLightItalic.ttf in Resources */ = {isa = PBXBuildFile; fileRef = 33B23EB028AD85A800B569DC /* Gilroy-UltraLightItalic.ttf */; };
		33B23EC528AD85A800B569DC /* Gilroy-Medium.ttf in Resources */ = {isa = PBXBuildFile; fileRef = 33B23EB128AD85A800B569DC /* Gilroy-Medium.ttf */; };
		33B23EC628AD85A800B569DC /* Gilroy-LightItalic.ttf in Resources */ = {isa = PBXBuildFile; fileRef = 33B23EB228AD85A800B569DC /* Gilroy-LightItalic.ttf */; };
		33B23EC728AD85A800B569DC /* Gilroy-ThinItalic.ttf in Resources */ = {isa = PBXBuildFile; fileRef = 33B23EB328AD85A800B569DC /* Gilroy-ThinItalic.ttf */; };
		33B23EC828AD85A800B569DC /* Gilroy-HeavyItalic.ttf in Resources */ = {isa = PBXBuildFile; fileRef = 33B23EB428AD85A800B569DC /* Gilroy-HeavyItalic.ttf */; };
		33B23EC928AD85A800B569DC /* Gilroy-BoldItalic.ttf in Resources */ = {isa = PBXBuildFile; fileRef = 33B23EB528AD85A800B569DC /* Gilroy-BoldItalic.ttf */; };
		33B23ECA28AD85A800B569DC /* Gilroy-SemiBoldItalic.ttf in Resources */ = {isa = PBXBuildFile; fileRef = 33B23EB628AD85A800B569DC /* Gilroy-SemiBoldItalic.ttf */; };
		33B23ECB28AD85A800B569DC /* Gilroy-RegularItalic.ttf in Resources */ = {isa = PBXBuildFile; fileRef = 33B23EB728AD85A800B569DC /* Gilroy-RegularItalic.ttf */; };
		33B23ECC28AD85A800B569DC /* Gilroy-BlackItalic.ttf in Resources */ = {isa = PBXBuildFile; fileRef = 33B23EB828AD85A800B569DC /* Gilroy-BlackItalic.ttf */; };
		33B23ECD28AD85A800B569DC /* Gilroy-Regular.ttf in Resources */ = {isa = PBXBuildFile; fileRef = 33B23EB928AD85A800B569DC /* Gilroy-Regular.ttf */; };
		33B23ECE28AD85A800B569DC /* Gilroy-UltraLight.ttf in Resources */ = {isa = PBXBuildFile; fileRef = 33B23EBA28AD85A800B569DC /* Gilroy-UltraLight.ttf */; };
		33B23ECF28AD85A800B569DC /* Gilroy-Black.ttf in Resources */ = {isa = PBXBuildFile; fileRef = 33B23EBB28AD85A800B569DC /* Gilroy-Black.ttf */; };
		33B23ED028AD85A800B569DC /* Gilroy-ExtraBold.ttf in Resources */ = {isa = PBXBuildFile; fileRef = 33B23EBC28AD85A800B569DC /* Gilroy-ExtraBold.ttf */; };
		33B23ED128AD85A800B569DC /* Gilroy-MediumItalic.ttf in Resources */ = {isa = PBXBuildFile; fileRef = 33B23EBD28AD85A800B569DC /* Gilroy-MediumItalic.ttf */; };
		33B23ED228AD85A800B569DC /* Gilroy-Light.ttf in Resources */ = {isa = PBXBuildFile; fileRef = 33B23EBE28AD85A800B569DC /* Gilroy-Light.ttf */; };
		33B23ED328AD85A800B569DC /* Gilroy-Thin.ttf in Resources */ = {isa = PBXBuildFile; fileRef = 33B23EBF28AD85A800B569DC /* Gilroy-Thin.ttf */; };
		33B23ED428AD85A800B569DC /* Gilroy-ExtraBoldItalic.ttf in Resources */ = {isa = PBXBuildFile; fileRef = 33B23EC028AD85A800B569DC /* Gilroy-ExtraBoldItalic.ttf */; };
		33B23ED528AD85A800B569DC /* Gilroy-SemiBold.ttf in Resources */ = {isa = PBXBuildFile; fileRef = 33B23EC128AD85A800B569DC /* Gilroy-SemiBold.ttf */; };
		33B23ED628AD85A800B569DC /* Gilroy-Bold.ttf in Resources */ = {isa = PBXBuildFile; fileRef = 33B23EC228AD85A800B569DC /* Gilroy-Bold.ttf */; };
		33B23ED728AD85A800B569DC /* Gilroy-Heavy.ttf in Resources */ = {isa = PBXBuildFile; fileRef = 33B23EC328AD85A800B569DC /* Gilroy-Heavy.ttf */; };
		33B23EED28AD87E000B569DC /* Gilroy-UltraLightItalic.ttf in Resources */ = {isa = PBXBuildFile; fileRef = 33B23ED928AD87E000B569DC /* Gilroy-UltraLightItalic.ttf */; };
		33B23EEE28AD87E000B569DC /* Gilroy-Medium.ttf in Resources */ = {isa = PBXBuildFile; fileRef = 33B23EDA28AD87E000B569DC /* Gilroy-Medium.ttf */; };
		33B23EEF28AD87E000B569DC /* Gilroy-LightItalic.ttf in Resources */ = {isa = PBXBuildFile; fileRef = 33B23EDB28AD87E000B569DC /* Gilroy-LightItalic.ttf */; };
		33B23EF028AD87E000B569DC /* Gilroy-ThinItalic.ttf in Resources */ = {isa = PBXBuildFile; fileRef = 33B23EDC28AD87E000B569DC /* Gilroy-ThinItalic.ttf */; };
		33B23EF128AD87E000B569DC /* Gilroy-HeavyItalic.ttf in Resources */ = {isa = PBXBuildFile; fileRef = 33B23EDD28AD87E000B569DC /* Gilroy-HeavyItalic.ttf */; };
		33B23EF228AD87E000B569DC /* Gilroy-BoldItalic.ttf in Resources */ = {isa = PBXBuildFile; fileRef = 33B23EDE28AD87E000B569DC /* Gilroy-BoldItalic.ttf */; };
		33B23EF328AD87E000B569DC /* Gilroy-SemiBoldItalic.ttf in Resources */ = {isa = PBXBuildFile; fileRef = 33B23EDF28AD87E000B569DC /* Gilroy-SemiBoldItalic.ttf */; };
		33B23EF428AD87E000B569DC /* Gilroy-RegularItalic.ttf in Resources */ = {isa = PBXBuildFile; fileRef = 33B23EE028AD87E000B569DC /* Gilroy-RegularItalic.ttf */; };
		33B23EF528AD87E000B569DC /* Gilroy-BlackItalic.ttf in Resources */ = {isa = PBXBuildFile; fileRef = 33B23EE128AD87E000B569DC /* Gilroy-BlackItalic.ttf */; };
		33B23EF628AD87E000B569DC /* Gilroy-Regular.ttf in Resources */ = {isa = PBXBuildFile; fileRef = 33B23EE228AD87E000B569DC /* Gilroy-Regular.ttf */; };
		33B23EF728AD87E000B569DC /* Gilroy-UltraLight.ttf in Resources */ = {isa = PBXBuildFile; fileRef = 33B23EE328AD87E000B569DC /* Gilroy-UltraLight.ttf */; };
		33B23EF828AD87E000B569DC /* Gilroy-Black.ttf in Resources */ = {isa = PBXBuildFile; fileRef = 33B23EE428AD87E000B569DC /* Gilroy-Black.ttf */; };
		33B23EF928AD87E000B569DC /* Gilroy-ExtraBold.ttf in Resources */ = {isa = PBXBuildFile; fileRef = 33B23EE528AD87E000B569DC /* Gilroy-ExtraBold.ttf */; };
		33B23EFA28AD87E000B569DC /* Gilroy-MediumItalic.ttf in Resources */ = {isa = PBXBuildFile; fileRef = 33B23EE628AD87E000B569DC /* Gilroy-MediumItalic.ttf */; };
		33B23EFB28AD87E000B569DC /* Gilroy-Light.ttf in Resources */ = {isa = PBXBuildFile; fileRef = 33B23EE728AD87E000B569DC /* Gilroy-Light.ttf */; };
		33B23EFC28AD87E000B569DC /* Gilroy-Thin.ttf in Resources */ = {isa = PBXBuildFile; fileRef = 33B23EE828AD87E000B569DC /* Gilroy-Thin.ttf */; };
		33B23EFD28AD87E000B569DC /* Gilroy-ExtraBoldItalic.ttf in Resources */ = {isa = PBXBuildFile; fileRef = 33B23EE928AD87E000B569DC /* Gilroy-ExtraBoldItalic.ttf */; };
		33B23EFE28AD87E000B569DC /* Gilroy-SemiBold.ttf in Resources */ = {isa = PBXBuildFile; fileRef = 33B23EEA28AD87E000B569DC /* Gilroy-SemiBold.ttf */; };
		33B23EFF28AD87E000B569DC /* Gilroy-Bold.ttf in Resources */ = {isa = PBXBuildFile; fileRef = 33B23EEB28AD87E000B569DC /* Gilroy-Bold.ttf */; };
		33B23F0028AD87E000B569DC /* Gilroy-Heavy.ttf in Resources */ = {isa = PBXBuildFile; fileRef = 33B23EEC28AD87E000B569DC /* Gilroy-Heavy.ttf */; };
		33E2FB9B28ACCE9F00DD32B7 /* EndPoints.swift in Sources */ = {isa = PBXBuildFile; fileRef = 33E2FB9A28ACCE9F00DD32B7 /* EndPoints.swift */; };
		33E2FBA028ACD0B400DD32B7 /* GithubRepository.swift in Sources */ = {isa = PBXBuildFile; fileRef = 33E2FB9F28ACD0B400DD32B7 /* GithubRepository.swift */; };
		33E2FBA528ACE42000DD32B7 /* GitTableViewCell.swift in Sources */ = {isa = PBXBuildFile; fileRef = 33E2FBA428ACE42000DD32B7 /* GitTableViewCell.swift */; };
		33E2FBA928AD329300DD32B7 /* Gilroy-Light.otf in Resources */ = {isa = PBXBuildFile; fileRef = 33E2FBA728AD329300DD32B7 /* Gilroy-Light.otf */; };
		33E2FBAA28AD329300DD32B7 /* Gilroy-ExtraBold.otf in Resources */ = {isa = PBXBuildFile; fileRef = 33E2FBA828AD329300DD32B7 /* Gilroy-ExtraBold.otf */; };
/* End PBXBuildFile section */

/* Begin PBXFileReference section */
		116B5E3A0217B19E1621625D /* Pods-GitApp.debug.xcconfig */ = {isa = PBXFileReference; includeInIndex = 1; lastKnownFileType = text.xcconfig; name = "Pods-GitApp.debug.xcconfig"; path = "Target Support Files/Pods-GitApp/Pods-GitApp.debug.xcconfig"; sourceTree = "<group>"; };
		3307D3B528B49CB3006669BA /* LanguagesTableViewCell.swift */ = {isa = PBXFileReference; lastKnownFileType = sourcecode.swift; path = LanguagesTableViewCell.swift; sourceTree = "<group>"; };
		3307D3B928B4E2DC006669BA /* BaseViewController.swift */ = {isa = PBXFileReference; lastKnownFileType = sourcecode.swift; path = BaseViewController.swift; sourceTree = "<group>"; };
		3307D3BB28B4F4D1006669BA /* UIView.swift */ = {isa = PBXFileReference; lastKnownFileType = sourcecode.swift; path = UIView.swift; sourceTree = "<group>"; };
		3307D3BD28B4F8CF006669BA /* GitTableView.swift */ = {isa = PBXFileReference; lastKnownFileType = sourcecode.swift; path = GitTableView.swift; sourceTree = "<group>"; };
		3329127F28B2B32300B9BE45 /* FilterView.swift */ = {isa = PBXFileReference; lastKnownFileType = sourcecode.swift; path = FilterView.swift; sourceTree = "<group>"; };
		3329128128B3543F00B9BE45 /* FilterViewController.swift */ = {isa = PBXFileReference; lastKnownFileType = sourcecode.swift; path = FilterViewController.swift; sourceTree = "<group>"; };
		3329128328B3562F00B9BE45 /* Languages.swift */ = {isa = PBXFileReference; lastKnownFileType = sourcecode.swift; path = Languages.swift; sourceTree = "<group>"; };
		3329128728B37B0000B9BE45 /* GitMainController.swift */ = {isa = PBXFileReference; lastKnownFileType = sourcecode.swift; path = GitMainController.swift; sourceTree = "<group>"; };
		3329128D28B390ED00B9BE45 /* CustomStrings.swift */ = {isa = PBXFileReference; lastKnownFileType = sourcecode.swift; path = CustomStrings.swift; sourceTree = "<group>"; };
		3329129028B3966500B9BE45 /* ApiManager.swift */ = {isa = PBXFileReference; lastKnownFileType = sourcecode.swift; path = ApiManager.swift; sourceTree = "<group>"; };
		3329129228B396C100B9BE45 /* ApiError.swift */ = {isa = PBXFileReference; lastKnownFileType = sourcecode.swift; path = ApiError.swift; sourceTree = "<group>"; };
		3329129828B39E1700B9BE45 /* RepoListApiManager.swift */ = {isa = PBXFileReference; lastKnownFileType = sourcecode.swift; path = RepoListApiManager.swift; sourceTree = "<group>"; };
		339A843328ABCAA800801DE5 /* GitApp.app */ = {isa = PBXFileReference; explicitFileType = wrapper.application; includeInIndex = 0; path = GitApp.app; sourceTree = BUILT_PRODUCTS_DIR; };
		339A843628ABCAA800801DE5 /* AppDelegate.swift */ = {isa = PBXFileReference; lastKnownFileType = sourcecode.swift; path = AppDelegate.swift; sourceTree = "<group>"; };
		339A843828ABCAA800801DE5 /* SceneDelegate.swift */ = {isa = PBXFileReference; lastKnownFileType = sourcecode.swift; path = SceneDelegate.swift; sourceTree = "<group>"; };
		339A843D28ABCAA800801DE5 /* Base */ = {isa = PBXFileReference; lastKnownFileType = file.storyboard; name = Base; path = Base.lproj/Main.storyboard; sourceTree = "<group>"; };
		339A844228ABCAA900801DE5 /* Base */ = {isa = PBXFileReference; lastKnownFileType = file.storyboard; name = Base; path = Base.lproj/LaunchScreen.storyboard; sourceTree = "<group>"; };
		339A844428ABCAA900801DE5 /* Info.plist */ = {isa = PBXFileReference; lastKnownFileType = text.plist.xml; path = Info.plist; sourceTree = "<group>"; };
		33A4415228B8F8390081A212 /* UIStoryboard.swift */ = {isa = PBXFileReference; lastKnownFileType = sourcecode.swift; path = UIStoryboard.swift; sourceTree = "<group>"; };
		33A4415428B8F8520081A212 /* UITableViewCell.swift */ = {isa = PBXFileReference; lastKnownFileType = sourcecode.swift; path = UITableViewCell.swift; sourceTree = "<group>"; };
		33A4415628B8F8640081A212 /* UIViewController.swift */ = {isa = PBXFileReference; lastKnownFileType = sourcecode.swift; path = UIViewController.swift; sourceTree = "<group>"; };
		33A4D65E28AFA9560002BDCF /* ImageView.swift */ = {isa = PBXFileReference; lastKnownFileType = sourcecode.swift; path = ImageView.swift; sourceTree = "<group>"; };
		33A4D66128AFB15B0002BDCF /* Assets.xcassets */ = {isa = PBXFileReference; lastKnownFileType = folder.assetcatalog; name = Assets.xcassets; path = ../../../../Assets.xcassets; sourceTree = "<group>"; };
		33A7E63F28AE068A0011BB9E /* UIColor.swift */ = {isa = PBXFileReference; lastKnownFileType = sourcecode.swift; path = UIColor.swift; sourceTree = "<group>"; };
		33A7E64528AE630D0011BB9E /* Color.swift */ = {isa = PBXFileReference; lastKnownFileType = sourcecode.swift; path = Color.swift; sourceTree = "<group>"; };
		33A7E64728AE63E60011BB9E /* Font.swift */ = {isa = PBXFileReference; lastKnownFileType = sourcecode.swift; path = Font.swift; sourceTree = "<group>"; };
		33A7E64B28AE6C050011BB9E /* GithubOwner.swift */ = {isa = PBXFileReference; lastKnownFileType = sourcecode.swift; path = GithubOwner.swift; sourceTree = "<group>"; };
		33B23EB028AD85A800B569DC /* Gilroy-UltraLightItalic.ttf */ = {isa = PBXFileReference; lastKnownFileType = file; path = "Gilroy-UltraLightItalic.ttf"; sourceTree = "<group>"; };
		33B23EB128AD85A800B569DC /* Gilroy-Medium.ttf */ = {isa = PBXFileReference; lastKnownFileType = file; path = "Gilroy-Medium.ttf"; sourceTree = "<group>"; };
		33B23EB228AD85A800B569DC /* Gilroy-LightItalic.ttf */ = {isa = PBXFileReference; lastKnownFileType = file; path = "Gilroy-LightItalic.ttf"; sourceTree = "<group>"; };
		33B23EB328AD85A800B569DC /* Gilroy-ThinItalic.ttf */ = {isa = PBXFileReference; lastKnownFileType = file; path = "Gilroy-ThinItalic.ttf"; sourceTree = "<group>"; };
		33B23EB428AD85A800B569DC /* Gilroy-HeavyItalic.ttf */ = {isa = PBXFileReference; lastKnownFileType = file; path = "Gilroy-HeavyItalic.ttf"; sourceTree = "<group>"; };
		33B23EB528AD85A800B569DC /* Gilroy-BoldItalic.ttf */ = {isa = PBXFileReference; lastKnownFileType = file; path = "Gilroy-BoldItalic.ttf"; sourceTree = "<group>"; };
		33B23EB628AD85A800B569DC /* Gilroy-SemiBoldItalic.ttf */ = {isa = PBXFileReference; lastKnownFileType = file; path = "Gilroy-SemiBoldItalic.ttf"; sourceTree = "<group>"; };
		33B23EB728AD85A800B569DC /* Gilroy-RegularItalic.ttf */ = {isa = PBXFileReference; lastKnownFileType = file; path = "Gilroy-RegularItalic.ttf"; sourceTree = "<group>"; };
		33B23EB828AD85A800B569DC /* Gilroy-BlackItalic.ttf */ = {isa = PBXFileReference; lastKnownFileType = file; path = "Gilroy-BlackItalic.ttf"; sourceTree = "<group>"; };
		33B23EB928AD85A800B569DC /* Gilroy-Regular.ttf */ = {isa = PBXFileReference; lastKnownFileType = file; path = "Gilroy-Regular.ttf"; sourceTree = "<group>"; };
		33B23EBA28AD85A800B569DC /* Gilroy-UltraLight.ttf */ = {isa = PBXFileReference; lastKnownFileType = file; path = "Gilroy-UltraLight.ttf"; sourceTree = "<group>"; };
		33B23EBB28AD85A800B569DC /* Gilroy-Black.ttf */ = {isa = PBXFileReference; lastKnownFileType = file; path = "Gilroy-Black.ttf"; sourceTree = "<group>"; };
		33B23EBC28AD85A800B569DC /* Gilroy-ExtraBold.ttf */ = {isa = PBXFileReference; lastKnownFileType = file; path = "Gilroy-ExtraBold.ttf"; sourceTree = "<group>"; };
		33B23EBD28AD85A800B569DC /* Gilroy-MediumItalic.ttf */ = {isa = PBXFileReference; lastKnownFileType = file; path = "Gilroy-MediumItalic.ttf"; sourceTree = "<group>"; };
		33B23EBE28AD85A800B569DC /* Gilroy-Light.ttf */ = {isa = PBXFileReference; lastKnownFileType = file; path = "Gilroy-Light.ttf"; sourceTree = "<group>"; };
		33B23EBF28AD85A800B569DC /* Gilroy-Thin.ttf */ = {isa = PBXFileReference; lastKnownFileType = file; path = "Gilroy-Thin.ttf"; sourceTree = "<group>"; };
		33B23EC028AD85A800B569DC /* Gilroy-ExtraBoldItalic.ttf */ = {isa = PBXFileReference; lastKnownFileType = file; path = "Gilroy-ExtraBoldItalic.ttf"; sourceTree = "<group>"; };
		33B23EC128AD85A800B569DC /* Gilroy-SemiBold.ttf */ = {isa = PBXFileReference; lastKnownFileType = file; path = "Gilroy-SemiBold.ttf"; sourceTree = "<group>"; };
		33B23EC228AD85A800B569DC /* Gilroy-Bold.ttf */ = {isa = PBXFileReference; lastKnownFileType = file; path = "Gilroy-Bold.ttf"; sourceTree = "<group>"; };
		33B23EC328AD85A800B569DC /* Gilroy-Heavy.ttf */ = {isa = PBXFileReference; lastKnownFileType = file; path = "Gilroy-Heavy.ttf"; sourceTree = "<group>"; };
		33B23ED928AD87E000B569DC /* Gilroy-UltraLightItalic.ttf */ = {isa = PBXFileReference; lastKnownFileType = file; path = "Gilroy-UltraLightItalic.ttf"; sourceTree = "<group>"; };
		33B23EDA28AD87E000B569DC /* Gilroy-Medium.ttf */ = {isa = PBXFileReference; lastKnownFileType = file; path = "Gilroy-Medium.ttf"; sourceTree = "<group>"; };
		33B23EDB28AD87E000B569DC /* Gilroy-LightItalic.ttf */ = {isa = PBXFileReference; lastKnownFileType = file; path = "Gilroy-LightItalic.ttf"; sourceTree = "<group>"; };
		33B23EDC28AD87E000B569DC /* Gilroy-ThinItalic.ttf */ = {isa = PBXFileReference; lastKnownFileType = file; path = "Gilroy-ThinItalic.ttf"; sourceTree = "<group>"; };
		33B23EDD28AD87E000B569DC /* Gilroy-HeavyItalic.ttf */ = {isa = PBXFileReference; lastKnownFileType = file; path = "Gilroy-HeavyItalic.ttf"; sourceTree = "<group>"; };
		33B23EDE28AD87E000B569DC /* Gilroy-BoldItalic.ttf */ = {isa = PBXFileReference; lastKnownFileType = file; path = "Gilroy-BoldItalic.ttf"; sourceTree = "<group>"; };
		33B23EDF28AD87E000B569DC /* Gilroy-SemiBoldItalic.ttf */ = {isa = PBXFileReference; lastKnownFileType = file; path = "Gilroy-SemiBoldItalic.ttf"; sourceTree = "<group>"; };
		33B23EE028AD87E000B569DC /* Gilroy-RegularItalic.ttf */ = {isa = PBXFileReference; lastKnownFileType = file; path = "Gilroy-RegularItalic.ttf"; sourceTree = "<group>"; };
		33B23EE128AD87E000B569DC /* Gilroy-BlackItalic.ttf */ = {isa = PBXFileReference; lastKnownFileType = file; path = "Gilroy-BlackItalic.ttf"; sourceTree = "<group>"; };
		33B23EE228AD87E000B569DC /* Gilroy-Regular.ttf */ = {isa = PBXFileReference; lastKnownFileType = file; path = "Gilroy-Regular.ttf"; sourceTree = "<group>"; };
		33B23EE328AD87E000B569DC /* Gilroy-UltraLight.ttf */ = {isa = PBXFileReference; lastKnownFileType = file; path = "Gilroy-UltraLight.ttf"; sourceTree = "<group>"; };
		33B23EE428AD87E000B569DC /* Gilroy-Black.ttf */ = {isa = PBXFileReference; lastKnownFileType = file; path = "Gilroy-Black.ttf"; sourceTree = "<group>"; };
		33B23EE528AD87E000B569DC /* Gilroy-ExtraBold.ttf */ = {isa = PBXFileReference; lastKnownFileType = file; path = "Gilroy-ExtraBold.ttf"; sourceTree = "<group>"; };
		33B23EE628AD87E000B569DC /* Gilroy-MediumItalic.ttf */ = {isa = PBXFileReference; lastKnownFileType = file; path = "Gilroy-MediumItalic.ttf"; sourceTree = "<group>"; };
		33B23EE728AD87E000B569DC /* Gilroy-Light.ttf */ = {isa = PBXFileReference; lastKnownFileType = file; path = "Gilroy-Light.ttf"; sourceTree = "<group>"; };
		33B23EE828AD87E000B569DC /* Gilroy-Thin.ttf */ = {isa = PBXFileReference; lastKnownFileType = file; path = "Gilroy-Thin.ttf"; sourceTree = "<group>"; };
		33B23EE928AD87E000B569DC /* Gilroy-ExtraBoldItalic.ttf */ = {isa = PBXFileReference; lastKnownFileType = file; path = "Gilroy-ExtraBoldItalic.ttf"; sourceTree = "<group>"; };
		33B23EEA28AD87E000B569DC /* Gilroy-SemiBold.ttf */ = {isa = PBXFileReference; lastKnownFileType = file; path = "Gilroy-SemiBold.ttf"; sourceTree = "<group>"; };
		33B23EEB28AD87E000B569DC /* Gilroy-Bold.ttf */ = {isa = PBXFileReference; lastKnownFileType = file; path = "Gilroy-Bold.ttf"; sourceTree = "<group>"; };
		33B23EEC28AD87E000B569DC /* Gilroy-Heavy.ttf */ = {isa = PBXFileReference; lastKnownFileType = file; path = "Gilroy-Heavy.ttf"; sourceTree = "<group>"; };
		33E2FB9A28ACCE9F00DD32B7 /* EndPoints.swift */ = {isa = PBXFileReference; lastKnownFileType = sourcecode.swift; path = EndPoints.swift; sourceTree = "<group>"; };
		33E2FB9F28ACD0B400DD32B7 /* GithubRepository.swift */ = {isa = PBXFileReference; lastKnownFileType = sourcecode.swift; path = GithubRepository.swift; sourceTree = "<group>"; };
		33E2FBA428ACE42000DD32B7 /* GitTableViewCell.swift */ = {isa = PBXFileReference; lastKnownFileType = sourcecode.swift; path = GitTableViewCell.swift; sourceTree = "<group>"; };
		33E2FBA728AD329300DD32B7 /* Gilroy-Light.otf */ = {isa = PBXFileReference; lastKnownFileType = file; path = "Gilroy-Light.otf"; sourceTree = "<group>"; };
		33E2FBA828AD329300DD32B7 /* Gilroy-ExtraBold.otf */ = {isa = PBXFileReference; lastKnownFileType = file; path = "Gilroy-ExtraBold.otf"; sourceTree = "<group>"; };
		4C8E0A3EEE5C689937077523 /* Pods-GitApp.release.xcconfig */ = {isa = PBXFileReference; includeInIndex = 1; lastKnownFileType = text.xcconfig; name = "Pods-GitApp.release.xcconfig"; path = "Target Support Files/Pods-GitApp/Pods-GitApp.release.xcconfig"; sourceTree = "<group>"; };
		EAB5DBBD2BAB593FB4CE3BC3 /* Pods_GitApp.framework */ = {isa = PBXFileReference; explicitFileType = wrapper.framework; includeInIndex = 0; path = Pods_GitApp.framework; sourceTree = BUILT_PRODUCTS_DIR; };
/* End PBXFileReference section */

/* Begin PBXFrameworksBuildPhase section */
		339A843028ABCAA800801DE5 /* Frameworks */ = {
			isa = PBXFrameworksBuildPhase;
			buildActionMask = 2147483647;
			files = (
				179157A93C6B864B085B2305 /* Pods_GitApp.framework in Frameworks */,
			);
			runOnlyForDeploymentPostprocessing = 0;
		};
/* End PBXFrameworksBuildPhase section */

/* Begin PBXGroup section */
		110AA1F7C400B9E630D2EDA2 /* Pods */ = {
			isa = PBXGroup;
			children = (
				116B5E3A0217B19E1621625D /* Pods-GitApp.debug.xcconfig */,
				4C8E0A3EEE5C689937077523 /* Pods-GitApp.release.xcconfig */,
			);
			path = Pods;
			sourceTree = "<group>";
		};
		3329127928B2AE9400B9BE45 /* Controller */ = {
			isa = PBXGroup;
			children = (
				3307D3B928B4E2DC006669BA /* BaseViewController.swift */,
				3329128728B37B0000B9BE45 /* GitMainController.swift */,
				3329128128B3543F00B9BE45 /* FilterViewController.swift */,
			);
			path = Controller;
			sourceTree = "<group>";
		};
		3329128F28B3950B00B9BE45 /* Managers */ = {
			isa = PBXGroup;
			children = (
				3329129028B3966500B9BE45 /* ApiManager.swift */,
				3329129828B39E1700B9BE45 /* RepoListApiManager.swift */,
			);
			path = Managers;
			sourceTree = "<group>";
		};
		339A842A28ABCAA800801DE5 = {
			isa = PBXGroup;
			children = (
				339A843528ABCAA800801DE5 /* GitApp */,
				339A843428ABCAA800801DE5 /* Products */,
				110AA1F7C400B9E630D2EDA2 /* Pods */,
				AAED4090A5EDE2016B8254D5 /* Frameworks */,
			);
			sourceTree = "<group>";
		};
		339A843428ABCAA800801DE5 /* Products */ = {
			isa = PBXGroup;
			children = (
				339A843328ABCAA800801DE5 /* GitApp.app */,
			);
			name = Products;
			sourceTree = "<group>";
		};
		339A843528ABCAA800801DE5 /* GitApp */ = {
			isa = PBXGroup;
			children = (
				3329128F28B3950B00B9BE45 /* Managers */,
				3329127928B2AE9400B9BE45 /* Controller */,
				33A7E64428AE63000011BB9E /* Globals */,
				33A7E63E28AE06650011BB9E /* Extensions */,
				33E2FBA628AD319F00DD32B7 /* Fonts */,
				33E2FBA228ACDB9800DD32B7 /* Views */,
				33E2FB9E28ACD08B00DD32B7 /* Model */,
				33E2FB9C28ACD05100DD32B7 /* Supporting Files */,
				33E2FB9928ACCE8D00DD32B7 /* Utils */,
				339A844A28ABD36C00801DE5 /* StoryBoard */,
				33B23ED828AD87E000B569DC /* Fonts */,
				33A4D66128AFB15B0002BDCF /* Assets.xcassets */,
				339A844428ABCAA900801DE5 /* Info.plist */,
				33B23EAF28AD85A800B569DC /* Fonts */,
			);
			path = GitApp;
			sourceTree = "<group>";
		};
		339A844A28ABD36C00801DE5 /* StoryBoard */ = {
			isa = PBXGroup;
			children = (
				339A844128ABCAA900801DE5 /* LaunchScreen.storyboard */,
				339A843C28ABCAA800801DE5 /* Main.storyboard */,
			);
			path = StoryBoard;
			sourceTree = "<group>";
		};
		33A7E63E28AE06650011BB9E /* Extensions */ = {
			isa = PBXGroup;
			children = (
				33A7E63F28AE068A0011BB9E /* UIColor.swift */,
				33A4D65E28AFA9560002BDCF /* ImageView.swift */,
				3307D3BB28B4F4D1006669BA /* UIView.swift */,
				33A4415228B8F8390081A212 /* UIStoryboard.swift */,
				33A4415428B8F8520081A212 /* UITableViewCell.swift */,
				33A4415628B8F8640081A212 /* UIViewController.swift */,
			);
			path = Extensions;
			sourceTree = "<group>";
		};
		33A7E64428AE63000011BB9E /* Globals */ = {
			isa = PBXGroup;
			children = (
				33A7E64528AE630D0011BB9E /* Color.swift */,
				33A7E64728AE63E60011BB9E /* Font.swift */,
				3329128D28B390ED00B9BE45 /* CustomStrings.swift */,
			);
			path = Globals;
			sourceTree = "<group>";
		};
		33B23EAF28AD85A800B569DC /* Fonts */ = {
			isa = PBXGroup;
			children = (
				33B23EB028AD85A800B569DC /* Gilroy-UltraLightItalic.ttf */,
				33B23EB128AD85A800B569DC /* Gilroy-Medium.ttf */,
				33B23EB228AD85A800B569DC /* Gilroy-LightItalic.ttf */,
				33B23EB328AD85A800B569DC /* Gilroy-ThinItalic.ttf */,
				33B23EB428AD85A800B569DC /* Gilroy-HeavyItalic.ttf */,
				33B23EB528AD85A800B569DC /* Gilroy-BoldItalic.ttf */,
				33B23EB628AD85A800B569DC /* Gilroy-SemiBoldItalic.ttf */,
				33B23EB728AD85A800B569DC /* Gilroy-RegularItalic.ttf */,
				33B23EB828AD85A800B569DC /* Gilroy-BlackItalic.ttf */,
				33B23EB928AD85A800B569DC /* Gilroy-Regular.ttf */,
				33B23EBA28AD85A800B569DC /* Gilroy-UltraLight.ttf */,
				33B23EBB28AD85A800B569DC /* Gilroy-Black.ttf */,
				33B23EBC28AD85A800B569DC /* Gilroy-ExtraBold.ttf */,
				33B23EBD28AD85A800B569DC /* Gilroy-MediumItalic.ttf */,
				33B23EBE28AD85A800B569DC /* Gilroy-Light.ttf */,
				33B23EBF28AD85A800B569DC /* Gilroy-Thin.ttf */,
				33B23EC028AD85A800B569DC /* Gilroy-ExtraBoldItalic.ttf */,
				33B23EC128AD85A800B569DC /* Gilroy-SemiBold.ttf */,
				33B23EC228AD85A800B569DC /* Gilroy-Bold.ttf */,
				33B23EC328AD85A800B569DC /* Gilroy-Heavy.ttf */,
			);
			path = Fonts;
			sourceTree = "<group>";
		};
		33B23ED828AD87E000B569DC /* Fonts */ = {
			isa = PBXGroup;
			children = (
				33B23ED928AD87E000B569DC /* Gilroy-UltraLightItalic.ttf */,
				33B23EDA28AD87E000B569DC /* Gilroy-Medium.ttf */,
				33B23EDB28AD87E000B569DC /* Gilroy-LightItalic.ttf */,
				33B23EDC28AD87E000B569DC /* Gilroy-ThinItalic.ttf */,
				33B23EDD28AD87E000B569DC /* Gilroy-HeavyItalic.ttf */,
				33B23EDE28AD87E000B569DC /* Gilroy-BoldItalic.ttf */,
				33B23EDF28AD87E000B569DC /* Gilroy-SemiBoldItalic.ttf */,
				33B23EE028AD87E000B569DC /* Gilroy-RegularItalic.ttf */,
				33B23EE128AD87E000B569DC /* Gilroy-BlackItalic.ttf */,
				33B23EE228AD87E000B569DC /* Gilroy-Regular.ttf */,
				33B23EE328AD87E000B569DC /* Gilroy-UltraLight.ttf */,
				33B23EE428AD87E000B569DC /* Gilroy-Black.ttf */,
				33B23EE528AD87E000B569DC /* Gilroy-ExtraBold.ttf */,
				33B23EE628AD87E000B569DC /* Gilroy-MediumItalic.ttf */,
				33B23EE728AD87E000B569DC /* Gilroy-Light.ttf */,
				33B23EE828AD87E000B569DC /* Gilroy-Thin.ttf */,
				33B23EE928AD87E000B569DC /* Gilroy-ExtraBoldItalic.ttf */,
				33B23EEA28AD87E000B569DC /* Gilroy-SemiBold.ttf */,
				33B23EEB28AD87E000B569DC /* Gilroy-Bold.ttf */,
				33B23EEC28AD87E000B569DC /* Gilroy-Heavy.ttf */,
			);
			path = Fonts;
			sourceTree = "<group>";
		};
		33E2FB9928ACCE8D00DD32B7 /* Utils */ = {
			isa = PBXGroup;
			children = (
				33E2FB9A28ACCE9F00DD32B7 /* EndPoints.swift */,
			);
			path = Utils;
			sourceTree = "<group>";
		};
		33E2FB9C28ACD05100DD32B7 /* Supporting Files */ = {
			isa = PBXGroup;
			children = (
				339A843828ABCAA800801DE5 /* SceneDelegate.swift */,
				339A843628ABCAA800801DE5 /* AppDelegate.swift */,
			);
			path = "Supporting Files";
			sourceTree = "<group>";
		};
		33E2FB9E28ACD08B00DD32B7 /* Model */ = {
			isa = PBXGroup;
			children = (
				33E2FB9F28ACD0B400DD32B7 /* GithubRepository.swift */,
				33A7E64B28AE6C050011BB9E /* GithubOwner.swift */,
				3329128328B3562F00B9BE45 /* Languages.swift */,
				3329129228B396C100B9BE45 /* ApiError.swift */,
			);
			path = Model;
			sourceTree = "<group>";
		};
		33E2FBA228ACDB9800DD32B7 /* Views */ = {
			isa = PBXGroup;
			children = (
				33E2FBA328ACDBA000DD32B7 /* TableViewCells */,
				3329127F28B2B32300B9BE45 /* FilterView.swift */,
				3307D3BD28B4F8CF006669BA /* GitTableView.swift */,
			);
			path = Views;
			sourceTree = "<group>";
		};
		33E2FBA328ACDBA000DD32B7 /* TableViewCells */ = {
			isa = PBXGroup;
			children = (
				33E2FBA428ACE42000DD32B7 /* GitTableViewCell.swift */,
				3307D3B528B49CB3006669BA /* LanguagesTableViewCell.swift */,
			);
			path = TableViewCells;
			sourceTree = "<group>";
		};
		33E2FBA628AD319F00DD32B7 /* Fonts */ = {
			isa = PBXGroup;
			children = (
				33E2FBA828AD329300DD32B7 /* Gilroy-ExtraBold.otf */,
				33E2FBA728AD329300DD32B7 /* Gilroy-Light.otf */,
			);
			path = Fonts;
			sourceTree = "<group>";
		};
		AAED4090A5EDE2016B8254D5 /* Frameworks */ = {
			isa = PBXGroup;
			children = (
				EAB5DBBD2BAB593FB4CE3BC3 /* Pods_GitApp.framework */,
			);
			name = Frameworks;
			sourceTree = "<group>";
		};
/* End PBXGroup section */

/* Begin PBXNativeTarget section */
		339A843228ABCAA800801DE5 /* GitApp */ = {
			isa = PBXNativeTarget;
			buildConfigurationList = 339A844728ABCAA900801DE5 /* Build configuration list for PBXNativeTarget "GitApp" */;
			buildPhases = (
				823857647C1F67E804E38460 /* [CP] Check Pods Manifest.lock */,
				339A842F28ABCAA800801DE5 /* Sources */,
				339A843028ABCAA800801DE5 /* Frameworks */,
				339A843128ABCAA800801DE5 /* Resources */,
				0BE26F5A8B3A08CF71AC91F3 /* [CP] Embed Pods Frameworks */,
			);
			buildRules = (
			);
			dependencies = (
			);
			name = GitApp;
			productName = GitApp;
			productReference = 339A843328ABCAA800801DE5 /* GitApp.app */;
			productType = "com.apple.product-type.application";
		};
/* End PBXNativeTarget section */

/* Begin PBXProject section */
		339A842B28ABCAA800801DE5 /* Project object */ = {
			isa = PBXProject;
			attributes = {
				BuildIndependentTargetsInParallel = 1;
				LastSwiftUpdateCheck = 1320;
				LastUpgradeCheck = 1320;
				TargetAttributes = {
					339A843228ABCAA800801DE5 = {
						CreatedOnToolsVersion = 13.2.1;
					};
				};
			};
			buildConfigurationList = 339A842E28ABCAA800801DE5 /* Build configuration list for PBXProject "GitApp" */;
			compatibilityVersion = "Xcode 13.0";
			developmentRegion = en;
			hasScannedForEncodings = 0;
			knownRegions = (
				en,
				Base,
			);
			mainGroup = 339A842A28ABCAA800801DE5;
			productRefGroup = 339A843428ABCAA800801DE5 /* Products */;
			projectDirPath = "";
			projectRoot = "";
			targets = (
				339A843228ABCAA800801DE5 /* GitApp */,
			);
		};
/* End PBXProject section */

/* Begin PBXResourcesBuildPhase section */
		339A843128ABCAA800801DE5 /* Resources */ = {
			isa = PBXResourcesBuildPhase;
			buildActionMask = 2147483647;
			files = (
				33B23EED28AD87E000B569DC /* Gilroy-UltraLightItalic.ttf in Resources */,
				33B23ED028AD85A800B569DC /* Gilroy-ExtraBold.ttf in Resources */,
				33B23ECC28AD85A800B569DC /* Gilroy-BlackItalic.ttf in Resources */,
				33B23EFF28AD87E000B569DC /* Gilroy-Bold.ttf in Resources */,
				33B23ED428AD85A800B569DC /* Gilroy-ExtraBoldItalic.ttf in Resources */,
				33B23ECB28AD85A800B569DC /* Gilroy-RegularItalic.ttf in Resources */,
				33B23EF628AD87E000B569DC /* Gilroy-Regular.ttf in Resources */,
				33B23ED328AD85A800B569DC /* Gilroy-Thin.ttf in Resources */,
				33B23ED228AD85A800B569DC /* Gilroy-Light.ttf in Resources */,
				339A844328ABCAA900801DE5 /* LaunchScreen.storyboard in Resources */,
				33B23ECA28AD85A800B569DC /* Gilroy-SemiBoldItalic.ttf in Resources */,
				33B23ED128AD85A800B569DC /* Gilroy-MediumItalic.ttf in Resources */,
				33B23EFA28AD87E000B569DC /* Gilroy-MediumItalic.ttf in Resources */,
				33B23ECE28AD85A800B569DC /* Gilroy-UltraLight.ttf in Resources */,
				33B23EC528AD85A800B569DC /* Gilroy-Medium.ttf in Resources */,
				33B23EC628AD85A800B569DC /* Gilroy-LightItalic.ttf in Resources */,
				33B23EC928AD85A800B569DC /* Gilroy-BoldItalic.ttf in Resources */,
				33B23EFE28AD87E000B569DC /* Gilroy-SemiBold.ttf in Resources */,
				33B23EC828AD85A800B569DC /* Gilroy-HeavyItalic.ttf in Resources */,
				33B23EF028AD87E000B569DC /* Gilroy-ThinItalic.ttf in Resources */,
				33B23EEE28AD87E000B569DC /* Gilroy-Medium.ttf in Resources */,
				33B23EF428AD87E000B569DC /* Gilroy-RegularItalic.ttf in Resources */,
				33B23ED628AD85A800B569DC /* Gilroy-Bold.ttf in Resources */,
				33B23F0028AD87E000B569DC /* Gilroy-Heavy.ttf in Resources */,
				33B23EC428AD85A800B569DC /* Gilroy-UltraLightItalic.ttf in Resources */,
				33B23EFB28AD87E000B569DC /* Gilroy-Light.ttf in Resources */,
				33B23EF228AD87E000B569DC /* Gilroy-BoldItalic.ttf in Resources */,
				33B23EF828AD87E000B569DC /* Gilroy-Black.ttf in Resources */,
				33B23ECF28AD85A800B569DC /* Gilroy-Black.ttf in Resources */,
				33B23ECD28AD85A800B569DC /* Gilroy-Regular.ttf in Resources */,
				33B23ED728AD85A800B569DC /* Gilroy-Heavy.ttf in Resources */,
				33B23ED528AD85A800B569DC /* Gilroy-SemiBold.ttf in Resources */,
				33B23EF128AD87E000B569DC /* Gilroy-HeavyItalic.ttf in Resources */,
				33B23EC728AD85A800B569DC /* Gilroy-ThinItalic.ttf in Resources */,
				33A4D66228AFB15B0002BDCF /* Assets.xcassets in Resources */,
				33B23EFD28AD87E000B569DC /* Gilroy-ExtraBoldItalic.ttf in Resources */,
				33E2FBAA28AD329300DD32B7 /* Gilroy-ExtraBold.otf in Resources */,
				33B23EFC28AD87E000B569DC /* Gilroy-Thin.ttf in Resources */,
				33E2FBA928AD329300DD32B7 /* Gilroy-Light.otf in Resources */,
				33B23EF928AD87E000B569DC /* Gilroy-ExtraBold.ttf in Resources */,
				33B23EF328AD87E000B569DC /* Gilroy-SemiBoldItalic.ttf in Resources */,
				33B23EF728AD87E000B569DC /* Gilroy-UltraLight.ttf in Resources */,
				339A843E28ABCAA800801DE5 /* Main.storyboard in Resources */,
				33B23EF528AD87E000B569DC /* Gilroy-BlackItalic.ttf in Resources */,
				33B23EEF28AD87E000B569DC /* Gilroy-LightItalic.ttf in Resources */,
			);
			runOnlyForDeploymentPostprocessing = 0;
		};
/* End PBXResourcesBuildPhase section */

/* Begin PBXShellScriptBuildPhase section */
		0BE26F5A8B3A08CF71AC91F3 /* [CP] Embed Pods Frameworks */ = {
			isa = PBXShellScriptBuildPhase;
			buildActionMask = 2147483647;
			files = (
			);
			inputFileListPaths = (
				"${PODS_ROOT}/Target Support Files/Pods-GitApp/Pods-GitApp-frameworks-${CONFIGURATION}-input-files.xcfilelist",
			);
			name = "[CP] Embed Pods Frameworks";
			outputFileListPaths = (
				"${PODS_ROOT}/Target Support Files/Pods-GitApp/Pods-GitApp-frameworks-${CONFIGURATION}-output-files.xcfilelist",
			);
			runOnlyForDeploymentPostprocessing = 0;
			shellPath = /bin/sh;
			shellScript = "\"${PODS_ROOT}/Target Support Files/Pods-GitApp/Pods-GitApp-frameworks.sh\"\n";
			showEnvVarsInLog = 0;
		};
		823857647C1F67E804E38460 /* [CP] Check Pods Manifest.lock */ = {
			isa = PBXShellScriptBuildPhase;
			buildActionMask = 2147483647;
			files = (
			);
			inputFileListPaths = (
			);
			inputPaths = (
				"${PODS_PODFILE_DIR_PATH}/Podfile.lock",
				"${PODS_ROOT}/Manifest.lock",
			);
			name = "[CP] Check Pods Manifest.lock";
			outputFileListPaths = (
			);
			outputPaths = (
				"$(DERIVED_FILE_DIR)/Pods-GitApp-checkManifestLockResult.txt",
			);
			runOnlyForDeploymentPostprocessing = 0;
			shellPath = /bin/sh;
			shellScript = "diff \"${PODS_PODFILE_DIR_PATH}/Podfile.lock\" \"${PODS_ROOT}/Manifest.lock\" > /dev/null\nif [ $? != 0 ] ; then\n    # print error to STDERR\n    echo \"error: The sandbox is not in sync with the Podfile.lock. Run 'pod install' or update your CocoaPods installation.\" >&2\n    exit 1\nfi\n# This output is used by Xcode 'outputs' to avoid re-running this script phase.\necho \"SUCCESS\" > \"${SCRIPT_OUTPUT_FILE_0}\"\n";
			showEnvVarsInLog = 0;
		};
/* End PBXShellScriptBuildPhase section */

/* Begin PBXSourcesBuildPhase section */
		339A842F28ABCAA800801DE5 /* Sources */ = {
			isa = PBXSourcesBuildPhase;
			buildActionMask = 2147483647;
			files = (
				3329128428B3562F00B9BE45 /* Languages.swift in Sources */,
				3307D3B628B49CB3006669BA /* LanguagesTableViewCell.swift in Sources */,
				3307D3BC28B4F4D1006669BA /* UIView.swift in Sources */,
				33A4415328B8F8390081A212 /* UIStoryboard.swift in Sources */,
				33A4415728B8F8640081A212 /* UIViewController.swift in Sources */,
				33A7E64828AE63E60011BB9E /* Font.swift in Sources */,
				3329128E28B390ED00B9BE45 /* CustomStrings.swift in Sources */,
				33A7E64028AE068A0011BB9E /* UIColor.swift in Sources */,
				3329129328B396C100B9BE45 /* ApiError.swift in Sources */,
				339A843728ABCAA800801DE5 /* AppDelegate.swift in Sources */,
				33A4415528B8F8520081A212 /* UITableViewCell.swift in Sources */,
				33E2FBA528ACE42000DD32B7 /* GitTableViewCell.swift in Sources */,
				33E2FBA028ACD0B400DD32B7 /* GithubRepository.swift in Sources */,
				33A7E64C28AE6C050011BB9E /* GithubOwner.swift in Sources */,
				3307D3BE28B4F8CF006669BA /* GitTableView.swift in Sources */,
				33E2FB9B28ACCE9F00DD32B7 /* EndPoints.swift in Sources */,
				3329128228B3543F00B9BE45 /* FilterViewController.swift in Sources */,
				3307D3BA28B4E2DC006669BA /* BaseViewController.swift in Sources */,
				339A843928ABCAA800801DE5 /* SceneDelegate.swift in Sources */,
				33A7E64628AE630D0011BB9E /* Color.swift in Sources */,
				3329129928B39E1700B9BE45 /* RepoListApiManager.swift in Sources */,
				33A4D65F28AFA9560002BDCF /* ImageView.swift in Sources */,
				3329129128B3966500B9BE45 /* ApiManager.swift in Sources */,
				3329128028B2B32300B9BE45 /* FilterView.swift in Sources */,
				3329128828B37B0000B9BE45 /* GitMainController.swift in Sources */,
			);
			runOnlyForDeploymentPostprocessing = 0;
		};
/* End PBXSourcesBuildPhase section */

/* Begin PBXVariantGroup section */
		339A843C28ABCAA800801DE5 /* Main.storyboard */ = {
			isa = PBXVariantGroup;
			children = (
				339A843D28ABCAA800801DE5 /* Base */,
			);
			name = Main.storyboard;
			sourceTree = "<group>";
		};
		339A844128ABCAA900801DE5 /* LaunchScreen.storyboard */ = {
			isa = PBXVariantGroup;
			children = (
				339A844228ABCAA900801DE5 /* Base */,
			);
			name = LaunchScreen.storyboard;
			sourceTree = "<group>";
		};
/* End PBXVariantGroup section */

/* Begin XCBuildConfiguration section */
		339A844528ABCAA900801DE5 /* Debug */ = {
			isa = XCBuildConfiguration;
			buildSettings = {
				ALWAYS_SEARCH_USER_PATHS = NO;
				CLANG_ANALYZER_NONNULL = YES;
				CLANG_ANALYZER_NUMBER_OBJECT_CONVERSION = YES_AGGRESSIVE;
				CLANG_CXX_LANGUAGE_STANDARD = "gnu++17";
				CLANG_CXX_LIBRARY = "libc++";
				CLANG_ENABLE_MODULES = YES;
				CLANG_ENABLE_OBJC_ARC = YES;
				CLANG_ENABLE_OBJC_WEAK = YES;
				CLANG_WARN_BLOCK_CAPTURE_AUTORELEASING = YES;
				CLANG_WARN_BOOL_CONVERSION = YES;
				CLANG_WARN_COMMA = YES;
				CLANG_WARN_CONSTANT_CONVERSION = YES;
				CLANG_WARN_DEPRECATED_OBJC_IMPLEMENTATIONS = YES;
				CLANG_WARN_DIRECT_OBJC_ISA_USAGE = YES_ERROR;
				CLANG_WARN_DOCUMENTATION_COMMENTS = YES;
				CLANG_WARN_EMPTY_BODY = YES;
				CLANG_WARN_ENUM_CONVERSION = YES;
				CLANG_WARN_INFINITE_RECURSION = YES;
				CLANG_WARN_INT_CONVERSION = YES;
				CLANG_WARN_NON_LITERAL_NULL_CONVERSION = YES;
				CLANG_WARN_OBJC_IMPLICIT_RETAIN_SELF = YES;
				CLANG_WARN_OBJC_LITERAL_CONVERSION = YES;
				CLANG_WARN_OBJC_ROOT_CLASS = YES_ERROR;
				CLANG_WARN_QUOTED_INCLUDE_IN_FRAMEWORK_HEADER = YES;
				CLANG_WARN_RANGE_LOOP_ANALYSIS = YES;
				CLANG_WARN_STRICT_PROTOTYPES = YES;
				CLANG_WARN_SUSPICIOUS_MOVE = YES;
				CLANG_WARN_UNGUARDED_AVAILABILITY = YES_AGGRESSIVE;
				CLANG_WARN_UNREACHABLE_CODE = YES;
				CLANG_WARN__DUPLICATE_METHOD_MATCH = YES;
				COPY_PHASE_STRIP = NO;
				DEBUG_INFORMATION_FORMAT = dwarf;
				ENABLE_STRICT_OBJC_MSGSEND = YES;
				ENABLE_TESTABILITY = YES;
				GCC_C_LANGUAGE_STANDARD = gnu11;
				GCC_DYNAMIC_NO_PIC = NO;
				GCC_NO_COMMON_BLOCKS = YES;
				GCC_OPTIMIZATION_LEVEL = 0;
				GCC_PREPROCESSOR_DEFINITIONS = (
					"DEBUG=1",
					"$(inherited)",
				);
				GCC_WARN_64_TO_32_BIT_CONVERSION = YES;
				GCC_WARN_ABOUT_RETURN_TYPE = YES_ERROR;
				GCC_WARN_UNDECLARED_SELECTOR = YES;
				GCC_WARN_UNINITIALIZED_AUTOS = YES_AGGRESSIVE;
				GCC_WARN_UNUSED_FUNCTION = YES;
				GCC_WARN_UNUSED_VARIABLE = YES;
				IPHONEOS_DEPLOYMENT_TARGET = 15.2;
				MTL_ENABLE_DEBUG_INFO = INCLUDE_SOURCE;
				MTL_FAST_MATH = YES;
				ONLY_ACTIVE_ARCH = YES;
				SDKROOT = iphoneos;
				SWIFT_ACTIVE_COMPILATION_CONDITIONS = DEBUG;
				SWIFT_OPTIMIZATION_LEVEL = "-Onone";
			};
			name = Debug;
		};
		339A844628ABCAA900801DE5 /* Release */ = {
			isa = XCBuildConfiguration;
			buildSettings = {
				ALWAYS_SEARCH_USER_PATHS = NO;
				CLANG_ANALYZER_NONNULL = YES;
				CLANG_ANALYZER_NUMBER_OBJECT_CONVERSION = YES_AGGRESSIVE;
				CLANG_CXX_LANGUAGE_STANDARD = "gnu++17";
				CLANG_CXX_LIBRARY = "libc++";
				CLANG_ENABLE_MODULES = YES;
				CLANG_ENABLE_OBJC_ARC = YES;
				CLANG_ENABLE_OBJC_WEAK = YES;
				CLANG_WARN_BLOCK_CAPTURE_AUTORELEASING = YES;
				CLANG_WARN_BOOL_CONVERSION = YES;
				CLANG_WARN_COMMA = YES;
				CLANG_WARN_CONSTANT_CONVERSION = YES;
				CLANG_WARN_DEPRECATED_OBJC_IMPLEMENTATIONS = YES;
				CLANG_WARN_DIRECT_OBJC_ISA_USAGE = YES_ERROR;
				CLANG_WARN_DOCUMENTATION_COMMENTS = YES;
				CLANG_WARN_EMPTY_BODY = YES;
				CLANG_WARN_ENUM_CONVERSION = YES;
				CLANG_WARN_INFINITE_RECURSION = YES;
				CLANG_WARN_INT_CONVERSION = YES;
				CLANG_WARN_NON_LITERAL_NULL_CONVERSION = YES;
				CLANG_WARN_OBJC_IMPLICIT_RETAIN_SELF = YES;
				CLANG_WARN_OBJC_LITERAL_CONVERSION = YES;
				CLANG_WARN_OBJC_ROOT_CLASS = YES_ERROR;
				CLANG_WARN_QUOTED_INCLUDE_IN_FRAMEWORK_HEADER = YES;
				CLANG_WARN_RANGE_LOOP_ANALYSIS = YES;
				CLANG_WARN_STRICT_PROTOTYPES = YES;
				CLANG_WARN_SUSPICIOUS_MOVE = YES;
				CLANG_WARN_UNGUARDED_AVAILABILITY = YES_AGGRESSIVE;
				CLANG_WARN_UNREACHABLE_CODE = YES;
				CLANG_WARN__DUPLICATE_METHOD_MATCH = YES;
				COPY_PHASE_STRIP = NO;
				DEBUG_INFORMATION_FORMAT = "dwarf-with-dsym";
				ENABLE_NS_ASSERTIONS = NO;
				ENABLE_STRICT_OBJC_MSGSEND = YES;
				GCC_C_LANGUAGE_STANDARD = gnu11;
				GCC_NO_COMMON_BLOCKS = YES;
				GCC_WARN_64_TO_32_BIT_CONVERSION = YES;
				GCC_WARN_ABOUT_RETURN_TYPE = YES_ERROR;
				GCC_WARN_UNDECLARED_SELECTOR = YES;
				GCC_WARN_UNINITIALIZED_AUTOS = YES_AGGRESSIVE;
				GCC_WARN_UNUSED_FUNCTION = YES;
				GCC_WARN_UNUSED_VARIABLE = YES;
				IPHONEOS_DEPLOYMENT_TARGET = 15.2;
				MTL_ENABLE_DEBUG_INFO = NO;
				MTL_FAST_MATH = YES;
				SDKROOT = iphoneos;
				SWIFT_COMPILATION_MODE = wholemodule;
				SWIFT_OPTIMIZATION_LEVEL = "-O";
				VALIDATE_PRODUCT = YES;
			};
			name = Release;
		};
		339A844828ABCAA900801DE5 /* Debug */ = {
			isa = XCBuildConfiguration;
			baseConfigurationReference = 116B5E3A0217B19E1621625D /* Pods-GitApp.debug.xcconfig */;
			buildSettings = {
				ASSETCATALOG_COMPILER_APPICON_NAME = AppIcon;
				ASSETCATALOG_COMPILER_GLOBAL_ACCENT_COLOR_NAME = AccentColor;
				CODE_SIGN_STYLE = Automatic;
				CURRENT_PROJECT_VERSION = 1;
				DEVELOPMENT_TEAM = PSLGB9A4YR;
				GENERATE_INFOPLIST_FILE = YES;
				INFOPLIST_FILE = GitApp/Info.plist;
				INFOPLIST_KEY_UIApplicationSupportsIndirectInputEvents = YES;
				INFOPLIST_KEY_UILaunchStoryboardName = LaunchScreen;
				INFOPLIST_KEY_UIMainStoryboardFile = Main;
				INFOPLIST_KEY_UISupportedInterfaceOrientations_iPad = "UIInterfaceOrientationPortrait UIInterfaceOrientationPortraitUpsideDown UIInterfaceOrientationLandscapeLeft UIInterfaceOrientationLandscapeRight";
				INFOPLIST_KEY_UISupportedInterfaceOrientations_iPhone = "UIInterfaceOrientationPortrait UIInterfaceOrientationLandscapeLeft UIInterfaceOrientationLandscapeRight";
				LD_RUNPATH_SEARCH_PATHS = (
					"$(inherited)",
					"@executable_path/Frameworks",
				);
				MARKETING_VERSION = 1.0;
				PRODUCT_BUNDLE_IDENTIFIER = gmail.GitApp;
				PRODUCT_NAME = "$(TARGET_NAME)";
				SWIFT_EMIT_LOC_STRINGS = YES;
				SWIFT_VERSION = 5.0;
				TARGETED_DEVICE_FAMILY = "1,2";
			};
			name = Debug;
		};
		339A844928ABCAA900801DE5 /* Release */ = {
			isa = XCBuildConfiguration;
			baseConfigurationReference = 4C8E0A3EEE5C689937077523 /* Pods-GitApp.release.xcconfig */;
			buildSettings = {
				ASSETCATALOG_COMPILER_APPICON_NAME = AppIcon;
				ASSETCATALOG_COMPILER_GLOBAL_ACCENT_COLOR_NAME = AccentColor;
				CODE_SIGN_STYLE = Automatic;
				CURRENT_PROJECT_VERSION = 1;
				DEVELOPMENT_TEAM = PSLGB9A4YR;
				GENERATE_INFOPLIST_FILE = YES;
				INFOPLIST_FILE = GitApp/Info.plist;
				INFOPLIST_KEY_UIApplicationSupportsIndirectInputEvents = YES;
				INFOPLIST_KEY_UILaunchStoryboardName = LaunchScreen;
				INFOPLIST_KEY_UIMainStoryboardFile = Main;
				INFOPLIST_KEY_UISupportedInterfaceOrientations_iPad = "UIInterfaceOrientationPortrait UIInterfaceOrientationPortraitUpsideDown UIInterfaceOrientationLandscapeLeft UIInterfaceOrientationLandscapeRight";
				INFOPLIST_KEY_UISupportedInterfaceOrientations_iPhone = "UIInterfaceOrientationPortrait UIInterfaceOrientationLandscapeLeft UIInterfaceOrientationLandscapeRight";
				LD_RUNPATH_SEARCH_PATHS = (
					"$(inherited)",
					"@executable_path/Frameworks",
				);
				MARKETING_VERSION = 1.0;
				PRODUCT_BUNDLE_IDENTIFIER = gmail.GitApp;
				PRODUCT_NAME = "$(TARGET_NAME)";
				SWIFT_EMIT_LOC_STRINGS = YES;
				SWIFT_VERSION = 5.0;
				TARGETED_DEVICE_FAMILY = "1,2";
			};
			name = Release;
		};
/* End XCBuildConfiguration section */

/* Begin XCConfigurationList section */
		339A842E28ABCAA800801DE5 /* Build configuration list for PBXProject "GitApp" */ = {
			isa = XCConfigurationList;
			buildConfigurations = (
				339A844528ABCAA900801DE5 /* Debug */,
				339A844628ABCAA900801DE5 /* Release */,
			);
			defaultConfigurationIsVisible = 0;
			defaultConfigurationName = Release;
		};
		339A844728ABCAA900801DE5 /* Build configuration list for PBXNativeTarget "GitApp" */ = {
			isa = XCConfigurationList;
			buildConfigurations = (
				339A844828ABCAA900801DE5 /* Debug */,
				339A844928ABCAA900801DE5 /* Release */,
			);
			defaultConfigurationIsVisible = 0;
			defaultConfigurationName = Release;
		};
/* End XCConfigurationList section */
	};
	rootObject = 339A842B28ABCAA800801DE5 /* Project object */;
}
